<?xml version="1.0" encoding="UTF-8" standalone="yes" ?>
<CodeBlocks_project_file>
	<FileVersion major="1" minor="6" />
	<Project>
		<Option title="intereviewer" />
		<Option pch_mode="2" />
		<Option compiler="gcc" />
		<Build>
			<Target title="Debug">
				<Option output="bin/Debug/intereviewer" prefix_auto="1" extension_auto="1" />
				<Option object_output="obj/Debug/" />
				<Option type="1" />
				<Option compiler="gcc" />
				<Compiler>
					<Add option="-g" />
				</Compiler>
			</Target>
			<Target title="Release">
				<Option output="bin/Release/intereviewer" prefix_auto="1" extension_auto="1" />
				<Option object_output="obj/Release/" />
				<Option type="1" />
				<Option compiler="gcc" />
				<Compiler>
					<Add option="-O2" />
				</Compiler>
				<Linker>
					<Add option="-s" />
				</Linker>
			</Target>
		</Build>
		<Compiler>
			<Add option="-Wall" />
		</Compiler>
		<Unit filename="Exception.h" />
		<Unit filename="GlobalHelpers.cpp" />
		<Unit filename="GlobalHelpers.h" />
		<Unit filename="Logger.cpp" />
		<Unit filename="Logger.h" />
		<Unit filename="SocketHandler.cpp" />
		<Unit filename="SocketHandler.h" />
		<Unit filename="boxrunner.cpp" />
		<Unit filename="boxrunner.h" />
		<Unit filename="compiler.cpp" />
		<Unit filename="compiler.h" />
		<Unit filename="config.cpp" />
		<Unit filename="config.h" />
		<Unit filename="player.cpp" />
		<Unit filename="player.h" />
		<Unit filename="sandbox.h" />
		<Extensions>
			<code_completion />
			<debugger />
		</Extensions>
	</Project>
</CodeBlocks_project_file>
